
Microsoft Visual Studio Solution File, Format Version 12.00
# Visual Studio Version 16
VisualStudioVersion = 16.0.30503.244
MinimumVisualStudioVersion = 10.0.40219.1
Project("{FAE04EC0-301F-11D3-BF4B-00C04F79EFBC}") = "Color Block Game", "Color Block Game.csproj", "{FF8065A0-696B-4D41-B903-885A333ED021}"
EndProject
Global
	GlobalSection(SolutionConfigurationPlatforms) = preSolution
		Debug|Any CPU = Debug|Any CPU
		Release|Any CPU = Release|Any CPU
	EndGlobalSection
	GlobalSection(ProjectConfigurationPlatforms) = postSolution
		{FF8065A0-696B-4D41-B903-885A333ED021}.Debug|Any CPU.ActiveCfg = Debug|Any CPU
		{FF8065A0-696B-4D41-B903-885A333ED021}.Debug|Any CPU.Build.0 = Debug|Any CPU
		{FF8065A0-696B-4D41-B903-885A333ED021}.Release|Any CPU.ActiveCfg = Release|Any CPU
		{FF8065A0-696B-4D41-B903-885A333ED021}.Release|Any CPU.Build.0 = Release|Any CPU
	EndGlobalSection
	GlobalSection(SolutionProperties) = preSolution
		HideSolutionNode = FALSE
	EndGlobalSection
	GlobalSection(ExtensibilityGlobals) = postSolution
		SolutionGuid = {2482446E-82B8-4AC6-802D-CDA82E425858}
	EndGlobalSection
EndGlobal
